
Microsoft Visual Studio Solution File, Format Version 12.00
# Visual Studio Version 16
VisualStudioVersion = 16.0.30011.22
MinimumVisualStudioVersion = 10.0.40219.1
Project("{9A19103F-16F7-4668-BE54-9A1E7A4F7556}") = "Repository", "Repository.csproj", "{BDDA3202-2D8A-4DD2-9653-2A30EC38E220}"
EndProject
Global
	GlobalSection(SolutionConfigurationPlatforms) = preSolution
		Debug|Any CPU = Debug|Any CPU
		Release|Any CPU = Release|Any CPU
	EndGlobalSection
	GlobalSection(ProjectConfigurationPlatforms) = postSolution
		{BDDA3202-2D8A-4DD2-9653-2A30EC38E220}.Debug|Any CPU.ActiveCfg = Debug|Any CPU
		{BDDA3202-2D8A-4DD2-9653-2A30EC38E220}.Debug|Any CPU.Build.0 = Debug|Any CPU
		{BDDA3202-2D8A-4DD2-9653-2A30EC38E220}.Release|Any CPU.ActiveCfg = Release|Any CPU
		{BDDA3202-2D8A-4DD2-9653-2A30EC38E220}.Release|Any CPU.Build.0 = Release|Any CPU
	EndGlobalSection
	GlobalSection(SolutionProperties) = preSolution
		HideSolutionNode = FALSE
	EndGlobalSection
	GlobalSection(ExtensibilityGlobals) = postSolution
		SolutionGuid = {E539E1ED-2219-41C5-9368-C19580FA4BBF}
	EndGlobalSection
EndGlobal
